
Microsoft Visual Studio Solution File, Format Version 12.00
# Visual Studio 15
VisualStudioVersion = 15.0.27703.2047
MinimumVisualStudioVersion = 10.0.40219.1
Project("{FAE04EC0-301F-11D3-BF4B-00C04F79EFBC}") = "QRCodeDemo", "QRCodeDemo\QRCodeDemo.csproj", "{651EDD8F-4099-4DFF-851F-47C889124496}"
EndProject
Global
	GlobalSection(SolutionConfigurationPlatforms) = preSolution
		Debug|Any CPU = Debug|Any CPU
		Release|Any CPU = Release|Any CPU
	EndGlobalSection
	GlobalSection(ProjectConfigurationPlatforms) = postSolution
		{651EDD8F-4099-4DFF-851F-47C889124496}.Debug|Any CPU.ActiveCfg = Debug|Any CPU
		{651EDD8F-4099-4DFF-851F-47C889124496}.Debug|Any CPU.Build.0 = Debug|Any CPU
		{651EDD8F-4099-4DFF-851F-47C889124496}.Release|Any CPU.ActiveCfg = Release|Any CPU
		{651EDD8F-4099-4DFF-851F-47C889124496}.Release|Any CPU.Build.0 = Release|Any CPU
	EndGlobalSection
	GlobalSection(SolutionProperties) = preSolution
		HideSolutionNode = FALSE
	EndGlobalSection
	GlobalSection(ExtensibilityGlobals) = postSolution
		SolutionGuid = {905955BD-33F1-4762-A26B-C31CAAE912A2}
	EndGlobalSection
EndGlobal
